
Microsoft Visual Studio Solution File, Format Version 12.00
# Visual Studio Version 16
VisualStudioVersion = 16.0.30114.105
MinimumVisualStudioVersion = 10.0.40219.1
Project("{2150E333-8FDC-42A3-9474-1A3956D46DE8}") = "src", "src", "{DE7A8804-920C-4004-85AC-A3D9333EC9C8}"
EndProject
Project("{FAE04EC0-301F-11D3-BF4B-00C04F79EFBC}") = "HTTPie", "src\HTTPie\HTTPie.csproj", "{51494FB5-B4CC-4027-B645-661267DDB47E}"
EndProject
Project("{2150E333-8FDC-42A3-9474-1A3956D46DE8}") = "tests", "tests", "{A34693EE-EC74-4449-9AF0-364E5480A489}"
EndProject
Project("{FAE04EC0-301F-11D3-BF4B-00C04F79EFBC}") = "HTTPie.UnitTest", "tests\HTTPie.UnitTest\HTTPie.UnitTest.csproj", "{9A9AFE94-B7FC-4DB1-B9B1-70214704CA4F}"
EndProject
Project("{FAE04EC0-301F-11D3-BF4B-00C04F79EFBC}") = "HTTPie.IntegrationTest", "tests\HTTPie.IntegrationTest\HTTPie.IntegrationTest.csproj", "{1D779CE9-A275-445E-958A-D38958918F44}"
EndProject
Global
	GlobalSection(SolutionConfigurationPlatforms) = preSolution
		Debug|Any CPU = Debug|Any CPU
		Debug|x64 = Debug|x64
		Debug|x86 = Debug|x86
		Release|Any CPU = Release|Any CPU
		Release|x64 = Release|x64
		Release|x86 = Release|x86
	EndGlobalSection
	GlobalSection(SolutionProperties) = preSolution
		HideSolutionNode = FALSE
	EndGlobalSection
	GlobalSection(ProjectConfigurationPlatforms) = postSolution
		{51494FB5-B4CC-4027-B645-661267DDB47E}.Debug|Any CPU.ActiveCfg = Debug|Any CPU
		{51494FB5-B4CC-4027-B645-661267DDB47E}.Debug|Any CPU.Build.0 = Debug|Any CPU
		{51494FB5-B4CC-4027-B645-661267DDB47E}.Debug|x64.ActiveCfg = Debug|Any CPU
		{51494FB5-B4CC-4027-B645-661267DDB47E}.Debug|x64.Build.0 = Debug|Any CPU
		{51494FB5-B4CC-4027-B645-661267DDB47E}.Debug|x86.ActiveCfg = Debug|Any CPU
		{51494FB5-B4CC-4027-B645-661267DDB47E}.Debug|x86.Build.0 = Debug|Any CPU
		{51494FB5-B4CC-4027-B645-661267DDB47E}.Release|Any CPU.ActiveCfg = Release|Any CPU
		{51494FB5-B4CC-4027-B645-661267DDB47E}.Release|Any CPU.Build.0 = Release|Any CPU
		{51494FB5-B4CC-4027-B645-661267DDB47E}.Release|x64.ActiveCfg = Release|Any CPU
		{51494FB5-B4CC-4027-B645-661267DDB47E}.Release|x64.Build.0 = Release|Any CPU
		{51494FB5-B4CC-4027-B645-661267DDB47E}.Release|x86.ActiveCfg = Release|Any CPU
		{51494FB5-B4CC-4027-B645-661267DDB47E}.Release|x86.Build.0 = Release|Any CPU
		{9A9AFE94-B7FC-4DB1-B9B1-70214704CA4F}.Debug|Any CPU.ActiveCfg = Debug|Any CPU
		{9A9AFE94-B7FC-4DB1-B9B1-70214704CA4F}.Debug|Any CPU.Build.0 = Debug|Any CPU
		{9A9AFE94-B7FC-4DB1-B9B1-70214704CA4F}.Debug|x64.ActiveCfg = Debug|Any CPU
		{9A9AFE94-B7FC-4DB1-B9B1-70214704CA4F}.Debug|x64.Build.0 = Debug|Any CPU
		{9A9AFE94-B7FC-4DB1-B9B1-70214704CA4F}.Debug|x86.ActiveCfg = Debug|Any CPU
		{9A9AFE94-B7FC-4DB1-B9B1-70214704CA4F}.Debug|x86.Build.0 = Debug|Any CPU
		{9A9AFE94-B7FC-4DB1-B9B1-70214704CA4F}.Release|Any CPU.ActiveCfg = Release|Any CPU
		{9A9AFE94-B7FC-4DB1-B9B1-70214704CA4F}.Release|Any CPU.Build.0 = Release|Any CPU
		{9A9AFE94-B7FC-4DB1-B9B1-70214704CA4F}.Release|x64.ActiveCfg = Release|Any CPU
		{9A9AFE94-B7FC-4DB1-B9B1-70214704CA4F}.Release|x64.Build.0 = Release|Any CPU
		{9A9AFE94-B7FC-4DB1-B9B1-70214704CA4F}.Release|x86.ActiveCfg = Release|Any CPU
		{9A9AFE94-B7FC-4DB1-B9B1-70214704CA4F}.Release|x86.Build.0 = Release|Any CPU
		{1D779CE9-A275-445E-958A-D38958918F44}.Debug|Any CPU.ActiveCfg = Debug|Any CPU
		{1D779CE9-A275-445E-958A-D38958918F44}.Debug|Any CPU.Build.0 = Debug|Any CPU
		{1D779CE9-A275-445E-958A-D38958918F44}.Debug|x64.ActiveCfg = Debug|Any CPU
		{1D779CE9-A275-445E-958A-D38958918F44}.Debug|x64.Build.0 = Debug|Any CPU
		{1D779CE9-A275-445E-958A-D38958918F44}.Debug|x86.ActiveCfg = Debug|Any CPU
		{1D779CE9-A275-445E-958A-D38958918F44}.Debug|x86.Build.0 = Debug|Any CPU
		{1D779CE9-A275-445E-958A-D38958918F44}.Release|Any CPU.ActiveCfg = Release|Any CPU
		{1D779CE9-A275-445E-958A-D38958918F44}.Release|Any CPU.Build.0 = Release|Any CPU
		{1D779CE9-A275-445E-958A-D38958918F44}.Release|x64.ActiveCfg = Release|Any CPU
		{1D779CE9-A275-445E-958A-D38958918F44}.Release|x64.Build.0 = Release|Any CPU
		{1D779CE9-A275-445E-958A-D38958918F44}.Release|x86.ActiveCfg = Release|Any CPU
		{1D779CE9-A275-445E-958A-D38958918F44}.Release|x86.Build.0 = Release|Any CPU
	EndGlobalSection
	GlobalSection(NestedProjects) = preSolution
		{51494FB5-B4CC-4027-B645-661267DDB47E} = {DE7A8804-920C-4004-85AC-A3D9333EC9C8}
		{9A9AFE94-B7FC-4DB1-B9B1-70214704CA4F} = {A34693EE-EC74-4449-9AF0-364E5480A489}
		{1D779CE9-A275-445E-958A-D38958918F44} = {A34693EE-EC74-4449-9AF0-364E5480A489}
	EndGlobalSection
EndGlobal
